
Microsoft Visual Studio Solution File, Format Version 12.00
# Visual Studio Version 17
VisualStudioVersion = 17.4.33213.308
MinimumVisualStudioVersion = 10.0.40219.1
Project("{9A19103F-16F7-4668-BE54-9A1E7A4F7556}") = "Hamburguesa", "Clase 08-03-2023\Hamburguesa.csproj", "{14009D03-D318-41F6-9B92-208E11661948}"
EndProject
Global
	GlobalSection(SolutionConfigurationPlatforms) = preSolution
		Debug|Any CPU = Debug|Any CPU
		Release|Any CPU = Release|Any CPU
	EndGlobalSection
	GlobalSection(ProjectConfigurationPlatforms) = postSolution
		{14009D03-D318-41F6-9B92-208E11661948}.Debug|Any CPU.ActiveCfg = Debug|Any CPU
		{14009D03-D318-41F6-9B92-208E11661948}.Debug|Any CPU.Build.0 = Debug|Any CPU
		{14009D03-D318-41F6-9B92-208E11661948}.Release|Any CPU.ActiveCfg = Release|Any CPU
		{14009D03-D318-41F6-9B92-208E11661948}.Release|Any CPU.Build.0 = Release|Any CPU
	EndGlobalSection
	GlobalSection(SolutionProperties) = preSolution
		HideSolutionNode = FALSE
	EndGlobalSection
	GlobalSection(ExtensibilityGlobals) = postSolution
		SolutionGuid = {7C4DF057-4EDD-4540-B306-FC92E400C97F}
	EndGlobalSection
EndGlobal
